
Microsoft Visual Studio Solution File, Format Version 12.00
# Visual Studio Version 17
VisualStudioVersion = 17.0.31903.59
MinimumVisualStudioVersion = 10.0.40219.1
Project("{FAE04EC0-301F-11D3-BF4B-00C04F79EFBC}") = "API", "API\API.csproj", "{0E0CA6B0-7ABF-4D62-AF47-B171670F98A0}"
EndProject
Project("{FAE04EC0-301F-11D3-BF4B-00C04F79EFBC}") = "Application", "Application\Application.csproj", "{2F3CCADA-E21E-4701-BD99-A5765B658503}"
EndProject
Project("{FAE04EC0-301F-11D3-BF4B-00C04F79EFBC}") = "Domain", "Domain\Domain.csproj", "{05759916-7139-4E5B-BFFE-46F833CEFAD8}"
EndProject
Project("{FAE04EC0-301F-11D3-BF4B-00C04F79EFBC}") = "Persistence", "Persistence\Persistence.csproj", "{AFF2BC79-D63D-4A24-8D48-A43D91142CE1}"
EndProject
Global
	GlobalSection(SolutionConfigurationPlatforms) = preSolution
		Debug|Any CPU = Debug|Any CPU
		Debug|x64 = Debug|x64
		Debug|x86 = Debug|x86
		Release|Any CPU = Release|Any CPU
		Release|x64 = Release|x64
		Release|x86 = Release|x86
	EndGlobalSection
	GlobalSection(ProjectConfigurationPlatforms) = postSolution
		{0E0CA6B0-7ABF-4D62-AF47-B171670F98A0}.Debug|Any CPU.ActiveCfg = Debug|Any CPU
		{0E0CA6B0-7ABF-4D62-AF47-B171670F98A0}.Debug|Any CPU.Build.0 = Debug|Any CPU
		{0E0CA6B0-7ABF-4D62-AF47-B171670F98A0}.Debug|x64.ActiveCfg = Debug|Any CPU
		{0E0CA6B0-7ABF-4D62-AF47-B171670F98A0}.Debug|x64.Build.0 = Debug|Any CPU
		{0E0CA6B0-7ABF-4D62-AF47-B171670F98A0}.Debug|x86.ActiveCfg = Debug|Any CPU
		{0E0CA6B0-7ABF-4D62-AF47-B171670F98A0}.Debug|x86.Build.0 = Debug|Any CPU
		{0E0CA6B0-7ABF-4D62-AF47-B171670F98A0}.Release|Any CPU.ActiveCfg = Release|Any CPU
		{0E0CA6B0-7ABF-4D62-AF47-B171670F98A0}.Release|Any CPU.Build.0 = Release|Any CPU
		{0E0CA6B0-7ABF-4D62-AF47-B171670F98A0}.Release|x64.ActiveCfg = Release|Any CPU
		{0E0CA6B0-7ABF-4D62-AF47-B171670F98A0}.Release|x64.Build.0 = Release|Any CPU
		{0E0CA6B0-7ABF-4D62-AF47-B171670F98A0}.Release|x86.ActiveCfg = Release|Any CPU
		{0E0CA6B0-7ABF-4D62-AF47-B171670F98A0}.Release|x86.Build.0 = Release|Any CPU
		{2F3CCADA-E21E-4701-BD99-A5765B658503}.Debug|Any CPU.ActiveCfg = Debug|Any CPU
		{2F3CCADA-E21E-4701-BD99-A5765B658503}.Debug|Any CPU.Build.0 = Debug|Any CPU
		{2F3CCADA-E21E-4701-BD99-A5765B658503}.Debug|x64.ActiveCfg = Debug|Any CPU
		{2F3CCADA-E21E-4701-BD99-A5765B658503}.Debug|x64.Build.0 = Debug|Any CPU
		{2F3CCADA-E21E-4701-BD99-A5765B658503}.Debug|x86.ActiveCfg = Debug|Any CPU
		{2F3CCADA-E21E-4701-BD99-A5765B658503}.Debug|x86.Build.0 = Debug|Any CPU
		{2F3CCADA-E21E-4701-BD99-A5765B658503}.Release|Any CPU.ActiveCfg = Release|Any CPU
		{2F3CCADA-E21E-4701-BD99-A5765B658503}.Release|Any CPU.Build.0 = Release|Any CPU
		{2F3CCADA-E21E-4701-BD99-A5765B658503}.Release|x64.ActiveCfg = Release|Any CPU
		{2F3CCADA-E21E-4701-BD99-A5765B658503}.Release|x64.Build.0 = Release|Any CPU
		{2F3CCADA-E21E-4701-BD99-A5765B658503}.Release|x86.ActiveCfg = Release|Any CPU
		{2F3CCADA-E21E-4701-BD99-A5765B658503}.Release|x86.Build.0 = Release|Any CPU
		{05759916-7139-4E5B-BFFE-46F833CEFAD8}.Debug|Any CPU.ActiveCfg = Debug|Any CPU
		{05759916-7139-4E5B-BFFE-46F833CEFAD8}.Debug|Any CPU.Build.0 = Debug|Any CPU
		{05759916-7139-4E5B-BFFE-46F833CEFAD8}.Debug|x64.ActiveCfg = Debug|Any CPU
		{05759916-7139-4E5B-BFFE-46F833CEFAD8}.Debug|x64.Build.0 = Debug|Any CPU
		{05759916-7139-4E5B-BFFE-46F833CEFAD8}.Debug|x86.ActiveCfg = Debug|Any CPU
		{05759916-7139-4E5B-BFFE-46F833CEFAD8}.Debug|x86.Build.0 = Debug|Any CPU
		{05759916-7139-4E5B-BFFE-46F833CEFAD8}.Release|Any CPU.ActiveCfg = Release|Any CPU
		{05759916-7139-4E5B-BFFE-46F833CEFAD8}.Release|Any CPU.Build.0 = Release|Any CPU
		{05759916-7139-4E5B-BFFE-46F833CEFAD8}.Release|x64.ActiveCfg = Release|Any CPU
		{05759916-7139-4E5B-BFFE-46F833CEFAD8}.Release|x64.Build.0 = Release|Any CPU
		{05759916-7139-4E5B-BFFE-46F833CEFAD8}.Release|x86.ActiveCfg = Release|Any CPU
		{05759916-7139-4E5B-BFFE-46F833CEFAD8}.Release|x86.Build.0 = Release|Any CPU
		{AFF2BC79-D63D-4A24-8D48-A43D91142CE1}.Debug|Any CPU.ActiveCfg = Debug|Any CPU
		{AFF2BC79-D63D-4A24-8D48-A43D91142CE1}.Debug|Any CPU.Build.0 = Debug|Any CPU
		{AFF2BC79-D63D-4A24-8D48-A43D91142CE1}.Debug|x64.ActiveCfg = Debug|Any CPU
		{AFF2BC79-D63D-4A24-8D48-A43D91142CE1}.Debug|x64.Build.0 = Debug|Any CPU
		{AFF2BC79-D63D-4A24-8D48-A43D91142CE1}.Debug|x86.ActiveCfg = Debug|Any CPU
		{AFF2BC79-D63D-4A24-8D48-A43D91142CE1}.Debug|x86.Build.0 = Debug|Any CPU
		{AFF2BC79-D63D-4A24-8D48-A43D91142CE1}.Release|Any CPU.ActiveCfg = Release|Any CPU
		{AFF2BC79-D63D-4A24-8D48-A43D91142CE1}.Release|Any CPU.Build.0 = Release|Any CPU
		{AFF2BC79-D63D-4A24-8D48-A43D91142CE1}.Release|x64.ActiveCfg = Release|Any CPU
		{AFF2BC79-D63D-4A24-8D48-A43D91142CE1}.Release|x64.Build.0 = Release|Any CPU
		{AFF2BC79-D63D-4A24-8D48-A43D91142CE1}.Release|x86.ActiveCfg = Release|Any CPU
		{AFF2BC79-D63D-4A24-8D48-A43D91142CE1}.Release|x86.Build.0 = Release|Any CPU
	EndGlobalSection
	GlobalSection(SolutionProperties) = preSolution
		HideSolutionNode = FALSE
	EndGlobalSection
EndGlobal
